// !$*UTF8*$!
{
	archiveVersion = 1;
	classes = {
	};
	objectVersion = 48;
	objects = {

/* Begin PBXBuildFile section */
		BCC127660AB355151A84E3E2 /* libPods-RACSlider&Textfile.a in Frameworks */ = {isa = PBXBuildFile; fileRef = 89B1E5DC5EC3B4AB73147004 /* libPods-RACSlider&Textfile.a */; };
		F57F84B82078A26E00DAFDA5 /* AppDelegate.m in Sources */ = {isa = PBXBuildFile; fileRef = F57F84B72078A26E00DAFDA5 /* AppDelegate.m */; };
		F57F84BB2078A26E00DAFDA5 /* ViewController.m in Sources */ = {isa = PBXBuildFile; fileRef = F57F84BA2078A26E00DAFDA5 /* ViewController.m */; };
		F57F84BE2078A26E00DAFDA5 /* Main.storyboard in Resources */ = {isa = PBXBuildFile; fileRef = F57F84BC2078A26E00DAFDA5 /* Main.storyboard */; };
		F57F84C02078A26E00DAFDA5 /* Assets.xcassets in Resources */ = {isa = PBXBuildFile; fileRef = F57F84BF2078A26E00DAFDA5 /* Assets.xcassets */; };
		F57F84C32078A26E00DAFDA5 /* LaunchScreen.storyboard in Resources */ = {isa = PBXBuildFile; fileRef = F57F84C12078A26E00DAFDA5 /* LaunchScreen.storyboard */; };
		F57F84C62078A26E00DAFDA5 /* main.m in Sources */ = {isa = PBXBuildFile; fileRef = F57F84C52078A26E00DAFDA5 /* main.m */; };
		F57F84D02078A26E00DAFDA5 /* RACSlider_TextfileTests.m in Sources */ = {isa = PBXBuildFile; fileRef = F57F84CF2078A26E00DAFDA5 /* RACSlider_TextfileTests.m */; };
		F57F84DB2078A26E00DAFDA5 /* RACSlider_TextfileUITests.m in Sources */ = {isa = PBXBuildFile; fileRef = F57F84DA2078A26E00DAFDA5 /* RACSlider_TextfileUITests.m */; };
/* End PBXBuildFile section */

/* Begin PBXContainerItemProxy section */
		F57F84CC2078A26E00DAFDA5 /* PBXContainerItemProxy */ = {
			isa = PBXContainerItemProxy;
			containerPortal = F57F84AB2078A26E00DAFDA5 /* Project object */;
			proxyType = 1;
			remoteGlobalIDString = F57F84B22078A26E00DAFDA5;
			remoteInfo = "RACSlider&Textfile";
		};
		F57F84D72078A26E00DAFDA5 /* PBXContainerItemProxy */ = {
			isa = PBXContainerItemProxy;
			containerPortal = F57F84AB2078A26E00DAFDA5 /* Project object */;
			proxyType = 1;
			remoteGlobalIDString = F57F84B22078A26E00DAFDA5;
			remoteInfo = "RACSlider&Textfile";
		};
/* End PBXContainerItemProxy section */

/* Begin PBXFileReference section */
		89B1E5DC5EC3B4AB73147004 /* libPods-RACSlider&Textfile.a */ = {isa = PBXFileReference; explicitFileType = archive.ar; includeInIndex = 0; path = "libPods-RACSlider&Textfile.a"; sourceTree = BUILT_PRODUCTS_DIR; };
		A646927F41D76A6048127836 /* Pods-RACSlider&Textfile.debug.xcconfig */ = {isa = PBXFileReference; includeInIndex = 1; lastKnownFileType = text.xcconfig; name = "Pods-RACSlider&Textfile.debug.xcconfig"; path = "Pods/Target Support Files/Pods-RACSlider&Textfile/Pods-RACSlider&Textfile.debug.xcconfig"; sourceTree = "<group>"; };
		D13DA441DA52B1C03CB96D69 /* Pods-RACSlider&Textfile.release.xcconfig */ = {isa = PBXFileReference; includeInIndex = 1; lastKnownFileType = text.xcconfig; name = "Pods-RACSlider&Textfile.release.xcconfig"; path = "Pods/Target Support Files/Pods-RACSlider&Textfile/Pods-RACSlider&Textfile.release.xcconfig"; sourceTree = "<group>"; };
		F57F84B32078A26E00DAFDA5 /* RACSlider&Textfile.app */ = {isa = PBXFileReference; explicitFileType = wrapper.application; includeInIndex = 0; path = "RACSlider&Textfile.app"; sourceTree = BUILT_PRODUCTS_DIR; };
		F57F84B62078A26E00DAFDA5 /* AppDelegate.h */ = {isa = PBXFileReference; lastKnownFileType = sourcecode.c.h; path = AppDelegate.h; sourceTree = "<group>"; };
		F57F84B72078A26E00DAFDA5 /* AppDelegate.m */ = {isa = PBXFileReference; lastKnownFileType = sourcecode.c.objc; path = AppDelegate.m; sourceTree = "<group>"; };
		F57F84B92078A26E00DAFDA5 /* ViewController.h */ = {isa = PBXFileReference; lastKnownFileType = sourcecode.c.h; path = ViewController.h; sourceTree = "<group>"; };
		F57F84BA2078A26E00DAFDA5 /* ViewController.m */ = {isa = PBXFileReference; lastKnownFileType = sourcecode.c.objc; path = ViewController.m; sourceTree = "<group>"; };
		F57F84BD2078A26E00DAFDA5 /* Base */ = {isa = PBXFileReference; lastKnownFileType = file.storyboard; name = Base; path = Base.lproj/Main.storyboard; sourceTree = "<group>"; };
		F57F84BF2078A26E00DAFDA5 /* Assets.xcassets */ = {isa = PBXFileReference; lastKnownFileType = folder.assetcatalog; path = Assets.xcassets; sourceTree = "<group>"; };
		F57F84C22078A26E00DAFDA5 /* Base */ = {isa = PBXFileReference; lastKnownFileType = file.storyboard; name = Base; path = Base.lproj/LaunchScreen.storyboard; sourceTree = "<group>"; };
		F57F84C42078A26E00DAFDA5 /* Info.plist */ = {isa = PBXFileReference; lastKnownFileType = text.plist.xml; path = Info.plist; sourceTree = "<group>"; };
		F57F84C52078A26E00DAFDA5 /* main.m */ = {isa = PBXFileReference; lastKnownFileType = sourcecode.c.objc; path = main.m; sourceTree = "<group>"; };
		F57F84CB2078A26E00DAFDA5 /* RACSlider&TextfileTests.xctest */ = {isa = PBXFileReference; explicitFileType = wrapper.cfbundle; includeInIndex = 0; path = "RACSlider&TextfileTests.xctest"; sourceTree = BUILT_PRODUCTS_DIR; };
		F57F84CF2078A26E00DAFDA5 /* RACSlider_TextfileTests.m */ = {isa = PBXFileReference; lastKnownFileType = sourcecode.c.objc; path = RACSlider_TextfileTests.m; sourceTree = "<group>"; };
		F57F84D12078A26E00DAFDA5 /* Info.plist */ = {isa = PBXFileReference; lastKnownFileType = text.plist.xml; path = Info.plist; sourceTree = "<group>"; };
		F57F84D62078A26E00DAFDA5 /* RACSlider&TextfileUITests.xctest */ = {isa = PBXFileReference; explicitFileType = wrapper.cfbundle; includeInIndex = 0; path = "RACSlider&TextfileUITests.xctest"; sourceTree = BUILT_PRODUCTS_DIR; };
		F57F84DA2078A26E00DAFDA5 /* RACSlider_TextfileUITests.m */ = {isa = PBXFileReference; lastKnownFileType = sourcecode.c.objc; path = RACSlider_TextfileUITests.m; sourceTree = "<group>"; };
		F57F84DC2078A26E00DAFDA5 /* Info.plist */ = {isa = PBXFileReference; lastKnownFileType = text.plist.xml; path = Info.plist; sourceTree = "<group>"; };
/* End PBXFileReference section */

/* Begin PBXFrameworksBuildPhase section */
		F57F84B02078A26E00DAFDA5 /* Frameworks */ = {
			isa = PBXFrameworksBuildPhase;
			buildActionMask = 2147483647;
			files = (
				BCC127660AB355151A84E3E2 /* libPods-RACSlider&Textfile.a in Frameworks */,
			);
			runOnlyForDeploymentPostprocessing = 0;
		};
		F57F84C82078A26E00DAFDA5 /* Frameworks */ = {
			isa = PBXFrameworksBuildPhase;
			buildActionMask = 2147483647;
			files = (
			);
			runOnlyForDeploymentPostprocessing = 0;
		};
		F57F84D32078A26E00DAFDA5 /* Frameworks */ = {
			isa = PBXFrameworksBuildPhase;
			buildActionMask = 2147483647;
			files = (
			);
			runOnlyForDeploymentPostprocessing = 0;
		};
/* End PBXFrameworksBuildPhase section */

/* Begin PBXGroup section */
		34CD8E93AA7601B4665A54D6 /* Frameworks */ = {
			isa = PBXGroup;
			children = (
				89B1E5DC5EC3B4AB73147004 /* libPods-RACSlider&Textfile.a */,
			);
			name = Frameworks;
			sourceTree = "<group>";
		};
		9AEB62A61133D3B3C3D5B45F /* Pods */ = {
			isa = PBXGroup;
			children = (
				A646927F41D76A6048127836 /* Pods-RACSlider&Textfile.debug.xcconfig */,
				D13DA441DA52B1C03CB96D69 /* Pods-RACSlider&Textfile.release.xcconfig */,
			);
			name = Pods;
			sourceTree = "<group>";
		};
		F57F84AA2078A26E00DAFDA5 = {
			isa = PBXGroup;
			children = (
				F57F84B52078A26E00DAFDA5 /* RACSlider&Textfile */,
				F57F84CE2078A26E00DAFDA5 /* RACSlider&TextfileTests */,
				F57F84D92078A26E00DAFDA5 /* RACSlider&TextfileUITests */,
				F57F84B42078A26E00DAFDA5 /* Products */,
				9AEB62A61133D3B3C3D5B45F /* Pods */,
				34CD8E93AA7601B4665A54D6 /* Frameworks */,
			);
			sourceTree = "<group>";
		};
		F57F84B42078A26E00DAFDA5 /* Products */ = {
			isa = PBXGroup;
			children = (
				F57F84B32078A26E00DAFDA5 /* RACSlider&Textfile.app */,
				F57F84CB2078A26E00DAFDA5 /* RACSlider&TextfileTests.xctest */,
				F57F84D62078A26E00DAFDA5 /* RACSlider&TextfileUITests.xctest */,
			);
			name = Products;
			sourceTree = "<group>";
		};
		F57F84B52078A26E00DAFDA5 /* RACSlider&Textfile */ = {
			isa = PBXGroup;
			children = (
				F57F84B62078A26E00DAFDA5 /* AppDelegate.h */,
				F57F84B72078A26E00DAFDA5 /* AppDelegate.m */,
				F57F84B92078A26E00DAFDA5 /* ViewController.h */,
				F57F84BA2078A26E00DAFDA5 /* ViewController.m */,
				F57F84BC2078A26E00DAFDA5 /* Main.storyboard */,
				F57F84BF2078A26E00DAFDA5 /* Assets.xcassets */,
				F57F84C12078A26E00DAFDA5 /* LaunchScreen.storyboard */,
				F57F84C42078A26E00DAFDA5 /* Info.plist */,
				F57F84C52078A26E00DAFDA5 /* main.m */,
			);
			path = "RACSlider&Textfile";
			sourceTree = "<group>";
		};
		F57F84CE2078A26E00DAFDA5 /* RACSlider&TextfileTests */ = {
			isa = PBXGroup;
			children = (
				F57F84CF2078A26E00DAFDA5 /* RACSlider_TextfileTests.m */,
				F57F84D12078A26E00DAFDA5 /* Info.plist */,
			);
			path = "RACSlider&TextfileTests";
			sourceTree = "<group>";
		};
		F57F84D92078A26E00DAFDA5 /* RACSlider&TextfileUITests */ = {
			isa = PBXGroup;
			children = (
				F57F84DA2078A26E00DAFDA5 /* RACSlider_TextfileUITests.m */,
				F57F84DC2078A26E00DAFDA5 /* Info.plist */,
			);
			path = "RACSlider&TextfileUITests";
			sourceTree = "<group>";
		};
/* End PBXGroup section */

/* Begin PBXNativeTarget section */
		F57F84B22078A26E00DAFDA5 /* RACSlider&Textfile */ = {
			isa = PBXNativeTarget;
			buildConfigurationList = F57F84DF2078A26E00DAFDA5 /* Build configuration list for PBXNativeTarget "RACSlider&Textfile" */;
			buildPhases = (
				246021A31265102EF542682A /* [CP] Check Pods Manifest.lock */,
				F57F84AF2078A26E00DAFDA5 /* Sources */,
				F57F84B02078A26E00DAFDA5 /* Frameworks */,
				F57F84B12078A26E00DAFDA5 /* Resources */,
			);
			buildRules = (
			);
			dependencies = (
			);
			name = "RACSlider&Textfile";
			productName = "RACSlider&Textfile";
			productReference = F57F84B32078A26E00DAFDA5 /* RACSlider&Textfile.app */;
			productType = "com.apple.product-type.application";
		};
		F57F84CA2078A26E00DAFDA5 /* RACSlider&TextfileTests */ = {
			isa = PBXNativeTarget;
			buildConfigurationList = F57F84E22078A26E00DAFDA5 /* Build configuration list for PBXNativeTarget "RACSlider&TextfileTests" */;
			buildPhases = (
				F57F84C72078A26E00DAFDA5 /* Sources */,
				F57F84C82078A26E00DAFDA5 /* Frameworks */,
				F57F84C92078A26E00DAFDA5 /* Resources */,
			);
			buildRules = (
			);
			dependencies = (
				F57F84CD2078A26E00DAFDA5 /* PBXTargetDependency */,
			);
			name = "RACSlider&TextfileTests";
			productName = "RACSlider&TextfileTests";
			productReference = F57F84CB2078A26E00DAFDA5 /* RACSlider&TextfileTests.xctest */;
			productType = "com.apple.product-type.bundle.unit-test";
		};
		F57F84D52078A26E00DAFDA5 /* RACSlider&TextfileUITests */ = {
			isa = PBXNativeTarget;
			buildConfigurationList = F57F84E52078A26E00DAFDA5 /* Build configuration list for PBXNativeTarget "RACSlider&TextfileUITests" */;
			buildPhases = (
				F57F84D22078A26E00DAFDA5 /* Sources */,
				F57F84D32078A26E00DAFDA5 /* Frameworks */,
				F57F84D42078A26E00DAFDA5 /* Resources */,
			);
			buildRules = (
			);
			dependencies = (
				F57F84D82078A26E00DAFDA5 /* PBXTargetDependency */,
			);
			name = "RACSlider&TextfileUITests";
			productName = "RACSlider&TextfileUITests";
			productReference = F57F84D62078A26E00DAFDA5 /* RACSlider&TextfileUITests.xctest */;
			productType = "com.apple.product-type.bundle.ui-testing";
		};
/* End PBXNativeTarget section */

/* Begin PBXProject section */
		F57F84AB2078A26E00DAFDA5 /* Project object */ = {
			isa = PBXProject;
			attributes = {
				LastUpgradeCheck = 0910;
				ORGANIZATIONNAME = "邵岳鹏";
				TargetAttributes = {
					F57F84B22078A26E00DAFDA5 = {
						CreatedOnToolsVersion = 9.1;
						ProvisioningStyle = Automatic;
					};
					F57F84CA2078A26E00DAFDA5 = {
						CreatedOnToolsVersion = 9.1;
						ProvisioningStyle = Automatic;
						TestTargetID = F57F84B22078A26E00DAFDA5;
					};
					F57F84D52078A26E00DAFDA5 = {
						CreatedOnToolsVersion = 9.1;
						ProvisioningStyle = Automatic;
						TestTargetID = F57F84B22078A26E00DAFDA5;
					};
				};
			};
			buildConfigurationList = F57F84AE2078A26E00DAFDA5 /* Build configuration list for PBXProject "RACSlider&Textfile" */;
			compatibilityVersion = "Xcode 8.0";
			developmentRegion = en;
			hasScannedForEncodings = 0;
			knownRegions = (
				en,
				Base,
			);
			mainGroup = F57F84AA2078A26E00DAFDA5;
			productRefGroup = F57F84B42078A26E00DAFDA5 /* Products */;
			projectDirPath = "";
			projectRoot = "";
			targets = (
				F57F84B22078A26E00DAFDA5 /* RACSlider&Textfile */,
				F57F84CA2078A26E00DAFDA5 /* RACSlider&TextfileTests */,
				F57F84D52078A26E00DAFDA5 /* RACSlider&TextfileUITests */,
			);
		};
/* End PBXProject section */

/* Begin PBXResourcesBuildPhase section */
		F57F84B12078A26E00DAFDA5 /* Resources */ = {
			isa = PBXResourcesBuildPhase;
			buildActionMask = 2147483647;
			files = (
				F57F84C32078A26E00DAFDA5 /* LaunchScreen.storyboard in Resources */,
				F57F84C02078A26E00DAFDA5 /* Assets.xcassets in Resources */,
				F57F84BE2078A26E00DAFDA5 /* Main.storyboard in Resources */,
			);
			runOnlyForDeploymentPostprocessing = 0;
		};
		F57F84C92078A26E00DAFDA5 /* Resources */ = {
			isa = PBXResourcesBuildPhase;
			buildActionMask = 2147483647;
			files = (
			);
			runOnlyForDeploymentPostprocessing = 0;
		};
		F57F84D42078A26E00DAFDA5 /* Resources */ = {
			isa = PBXResourcesBuildPhase;
			buildActionMask = 2147483647;
			files = (
			);
			runOnlyForDeploymentPostprocessing = 0;
		};
/* End PBXResourcesBuildPhase section */

/* Begin PBXShellScriptBuildPhase section */
		246021A31265102EF542682A /* [CP] Check Pods Manifest.lock */ = {
			isa = PBXShellScriptBuildPhase;
			buildActionMask = 2147483647;
			files = (
			);
			inputPaths = (
				"${PODS_PODFILE_DIR_PATH}/Podfile.lock",
				"${PODS_ROOT}/Manifest.lock",
			);
			name = "[CP] Check Pods Manifest.lock";
			outputPaths = (
				"$(DERIVED_FILE_DIR)/Pods-RACSlider&Textfile-checkManifestLockResult.txt",
			);
			runOnlyForDeploymentPostprocessing = 0;
			shellPath = /bin/sh;
			shellScript = "diff \"${PODS_PODFILE_DIR_PATH}/Podfile.lock\" \"${PODS_ROOT}/Manifest.lock\" > /dev/null\nif [ $? != 0 ] ; then\n    # print error to STDERR\n    echo \"error: The sandbox is not in sync with the Podfile.lock. Run 'pod install' or update your CocoaPods installation.\" >&2\n    exit 1\nfi\n# This output is used by Xcode 'outputs' to avoid re-running this script phase.\necho \"SUCCESS\" > \"${SCRIPT_OUTPUT_FILE_0}\"\n";
			showEnvVarsInLog = 0;
		};
/* End PBXShellScriptBuildPhase section */

/* Begin PBXSourcesBuildPhase section */
		F57F84AF2078A26E00DAFDA5 /* Sources */ = {
			isa = PBXSourcesBuildPhase;
			buildActionMask = 2147483647;
			files = (
				F57F84BB2078A26E00DAFDA5 /* ViewController.m in Sources */,
				F57F84C62078A26E00DAFDA5 /* main.m in Sources */,
				F57F84B82078A26E00DAFDA5 /* AppDelegate.m in Sources */,
			);
			runOnlyForDeploymentPostprocessing = 0;
		};
		F57F84C72078A26E00DAFDA5 /* Sources */ = {
			isa = PBXSourcesBuildPhase;
			buildActionMask = 2147483647;
			files = (
				F57F84D02078A26E00DAFDA5 /* RACSlider_TextfileTests.m in Sources */,
			);
			runOnlyForDeploymentPostprocessing = 0;
		};
		F57F84D22078A26E00DAFDA5 /* Sources */ = {
			isa = PBXSourcesBuildPhase;
			buildActionMask = 2147483647;
			files = (
				F57F84DB2078A26E00DAFDA5 /* RACSlider_TextfileUITests.m in Sources */,
			);
			runOnlyForDeploymentPostprocessing = 0;
		};
/* End PBXSourcesBuildPhase section */

/* Begin PBXTargetDependency section */
		F57F84CD2078A26E00DAFDA5 /* PBXTargetDependency */ = {
			isa = PBXTargetDependency;
			target = F57F84B22078A26E00DAFDA5 /* RACSlider&Textfile */;
			targetProxy = F57F84CC2078A26E00DAFDA5 /* PBXContainerItemProxy */;
		};
		F57F84D82078A26E00DAFDA5 /* PBXTargetDependency */ = {
			isa = PBXTargetDependency;
			target = F57F84B22078A26E00DAFDA5 /* RACSlider&Textfile */;
			targetProxy = F57F84D72078A26E00DAFDA5 /* PBXContainerItemProxy */;
		};
/* End PBXTargetDependency section */

/* Begin PBXVariantGroup section */
		F57F84BC2078A26E00DAFDA5 /* Main.storyboard */ = {
			isa = PBXVariantGroup;
			children = (
				F57F84BD2078A26E00DAFDA5 /* Base */,
			);
			name = Main.storyboard;
			sourceTree = "<group>";
		};
		F57F84C12078A26E00DAFDA5 /* LaunchScreen.storyboard */ = {
			isa = PBXVariantGroup;
			children = (
				F57F84C22078A26E00DAFDA5 /* Base */,
			);
			name = LaunchScreen.storyboard;
			sourceTree = "<group>";
		};
/* End PBXVariantGroup section */

/* Begin XCBuildConfiguration section */
		F57F84DD2078A26E00DAFDA5 /* Debug */ = {
			isa = XCBuildConfiguration;
			buildSettings = {
				ALWAYS_SEARCH_USER_PATHS = NO;
				CLANG_ANALYZER_NONNULL = YES;
				CLANG_ANALYZER_NUMBER_OBJECT_CONVERSION = YES_AGGRESSIVE;
				CLANG_CXX_LANGUAGE_STANDARD = "gnu++14";
				CLANG_CXX_LIBRARY = "libc++";
				CLANG_ENABLE_MODULES = YES;
				CLANG_ENABLE_OBJC_ARC = YES;
				CLANG_WARN_BLOCK_CAPTURE_AUTORELEASING = YES;
				CLANG_WARN_BOOL_CONVERSION = YES;
				CLANG_WARN_COMMA = YES;
				CLANG_WARN_CONSTANT_CONVERSION = YES;
				CLANG_WARN_DIRECT_OBJC_ISA_USAGE = YES_ERROR;
				CLANG_WARN_DOCUMENTATION_COMMENTS = YES;
				CLANG_WARN_EMPTY_BODY = YES;
				CLANG_WARN_ENUM_CONVERSION = YES;
				CLANG_WARN_INFINITE_RECURSION = YES;
				CLANG_WARN_INT_CONVERSION = YES;
				CLANG_WARN_NON_LITERAL_NULL_CONVERSION = YES;
				CLANG_WARN_OBJC_LITERAL_CONVERSION = YES;
				CLANG_WARN_OBJC_ROOT_CLASS = YES_ERROR;
				CLANG_WARN_RANGE_LOOP_ANALYSIS = YES;
				CLANG_WARN_STRICT_PROTOTYPES = YES;
				CLANG_WARN_SUSPICIOUS_MOVE = YES;
				CLANG_WARN_UNGUARDED_AVAILABILITY = YES_AGGRESSIVE;
				CLANG_WARN_UNREACHABLE_CODE = YES;
				CLANG_WARN__DUPLICATE_METHOD_MATCH = YES;
				CODE_SIGN_IDENTITY = "iPhone Developer";
				COPY_PHASE_STRIP = NO;
				DEBUG_INFORMATION_FORMAT = dwarf;
				ENABLE_STRICT_OBJC_MSGSEND = YES;
				ENABLE_TESTABILITY = YES;
				GCC_C_LANGUAGE_STANDARD = gnu11;
				GCC_DYNAMIC_NO_PIC = NO;
				GCC_NO_COMMON_BLOCKS = YES;
				GCC_OPTIMIZATION_LEVEL = 0;
				GCC_PREPROCESSOR_DEFINITIONS = (
					"DEBUG=1",
					"$(inherited)",
				);
				GCC_WARN_64_TO_32_BIT_CONVERSION = YES;
				GCC_WARN_ABOUT_RETURN_TYPE = YES_ERROR;
				GCC_WARN_UNDECLARED_SELECTOR = YES;
				GCC_WARN_UNINITIALIZED_AUTOS = YES_AGGRESSIVE;
				GCC_WARN_UNUSED_FUNCTION = YES;
				GCC_WARN_UNUSED_VARIABLE = YES;
				IPHONEOS_DEPLOYMENT_TARGET = 11.1;
				MTL_ENABLE_DEBUG_INFO = YES;
				ONLY_ACTIVE_ARCH = YES;
				SDKROOT = iphoneos;
			};
			name = Debug;
		};
		F57F84DE2078A26E00DAFDA5 /* Release */ = {
			isa = XCBuildConfiguration;
			buildSettings = {
				ALWAYS_SEARCH_USER_PATHS = NO;
				CLANG_ANALYZER_NONNULL = YES;
				CLANG_ANALYZER_NUMBER_OBJECT_CONVERSION = YES_AGGRESSIVE;
				CLANG_CXX_LANGUAGE_STANDARD = "gnu++14";
				CLANG_CXX_LIBRARY = "libc++";
				CLANG_ENABLE_MODULES = YES;
				CLANG_ENABLE_OBJC_ARC = YES;
				CLANG_WARN_BLOCK_CAPTURE_AUTORELEASING = YES;
				CLANG_WARN_BOOL_CONVERSION = YES;
				CLANG_WARN_COMMA = YES;
				CLANG_WARN_CONSTANT_CONVERSION = YES;
				CLANG_WARN_DIRECT_OBJC_ISA_USAGE = YES_ERROR;
				CLANG_WARN_DOCUMENTATION_COMMENTS = YES;
				CLANG_WARN_EMPTY_BODY = YES;
				CLANG_WARN_ENUM_CONVERSION = YES;
				CLANG_WARN_INFINITE_RECURSION = YES;
				CLANG_WARN_INT_CONVERSION = YES;
				CLANG_WARN_NON_LITERAL_NULL_CONVERSION = YES;
				CLANG_WARN_OBJC_LITERAL_CONVERSION = YES;
				CLANG_WARN_OBJC_ROOT_CLASS = YES_ERROR;
				CLANG_WARN_RANGE_LOOP_ANALYSIS = YES;
				CLANG_WARN_STRICT_PROTOTYPES = YES;
				CLANG_WARN_SUSPICIOUS_MOVE = YES;
				CLANG_WARN_UNGUARDED_AVAILABILITY = YES_AGGRESSIVE;
				CLANG_WARN_UNREACHABLE_CODE = YES;
				CLANG_WARN__DUPLICATE_METHOD_MATCH = YES;
				CODE_SIGN_IDENTITY = "iPhone Developer";
				COPY_PHASE_STRIP = NO;
				DEBUG_INFORMATION_FORMAT = "dwarf-with-dsym";
				ENABLE_NS_ASSERTIONS = NO;
				ENABLE_STRICT_OBJC_MSGSEND = YES;
				GCC_C_LANGUAGE_STANDARD = gnu11;
				GCC_NO_COMMON_BLOCKS = YES;
				GCC_WARN_64_TO_32_BIT_CONVERSION = YES;
				GCC_WARN_ABOUT_RETURN_TYPE = YES_ERROR;
				GCC_WARN_UNDECLARED_SELECTOR = YES;
				GCC_WARN_UNINITIALIZED_AUTOS = YES_AGGRESSIVE;
				GCC_WARN_UNUSED_FUNCTION = YES;
				GCC_WARN_UNUSED_VARIABLE = YES;
				IPHONEOS_DEPLOYMENT_TARGET = 11.1;
				MTL_ENABLE_DEBUG_INFO = NO;
				SDKROOT = iphoneos;
				VALIDATE_PRODUCT = YES;
			};
			name = Release;
		};
		F57F84E02078A26E00DAFDA5 /* Debug */ = {
			isa = XCBuildConfiguration;
			baseConfigurationReference = A646927F41D76A6048127836 /* Pods-RACSlider&Textfile.debug.xcconfig */;
			buildSettings = {
				ASSETCATALOG_COMPILER_APPICON_NAME = AppIcon;
				CODE_SIGN_STYLE = Automatic;
				INFOPLIST_FILE = "RACSlider&Textfile/Info.plist";
				LD_RUNPATH_SEARCH_PATHS = "$(inherited) @executable_path/Frameworks";
				PRODUCT_BUNDLE_IDENTIFIER = "com.syp.RACSlider-Textfile";
				PRODUCT_NAME = "$(TARGET_NAME)";
				TARGETED_DEVICE_FAMILY = "1,2";
			};
			name = Debug;
		};
		F57F84E12078A26E00DAFDA5 /* Release */ = {
			isa = XCBuildConfiguration;
			baseConfigurationReference = D13DA441DA52B1C03CB96D69 /* Pods-RACSlider&Textfile.release.xcconfig */;
			buildSettings = {
				ASSETCATALOG_COMPILER_APPICON_NAME = AppIcon;
				CODE_SIGN_STYLE = Automatic;
				INFOPLIST_FILE = "RACSlider&Textfile/Info.plist";
				LD_RUNPATH_SEARCH_PATHS = "$(inherited) @executable_path/Frameworks";
				PRODUCT_BUNDLE_IDENTIFIER = "com.syp.RACSlider-Textfile";
				PRODUCT_NAME = "$(TARGET_NAME)";
				TARGETED_DEVICE_FAMILY = "1,2";
			};
			name = Release;
		};
		F57F84E32078A26E00DAFDA5 /* Debug */ = {
			isa = XCBuildConfiguration;
			buildSettings = {
				BUNDLE_LOADER = "$(TEST_HOST)";
				CODE_SIGN_STYLE = Automatic;
				INFOPLIST_FILE = "RACSlider&TextfileTests/Info.plist";
				LD_RUNPATH_SEARCH_PATHS = "$(inherited) @executable_path/Frameworks @loader_path/Frameworks";
				PRODUCT_BUNDLE_IDENTIFIER = "com.syp.RACSlider-TextfileTests";
				PRODUCT_NAME = "$(TARGET_NAME)";
				TARGETED_DEVICE_FAMILY = "1,2";
				TEST_HOST = "$(BUILT_PRODUCTS_DIR)/RACSlider&Textfile.app/RACSlider&Textfile";
			};
			name = Debug;
		};
		F57F84E42078A26E00DAFDA5 /* Release */ = {
			isa = XCBuildConfiguration;
			buildSettings = {
				BUNDLE_LOADER = "$(TEST_HOST)";
				CODE_SIGN_STYLE = Automatic;
				INFOPLIST_FILE = "RACSlider&TextfileTests/Info.plist";
				LD_RUNPATH_SEARCH_PATHS = "$(inherited) @executable_path/Frameworks @loader_path/Frameworks";
				PRODUCT_BUNDLE_IDENTIFIER = "com.syp.RACSlider-TextfileTests";
				PRODUCT_NAME = "$(TARGET_NAME)";
				TARGETED_DEVICE_FAMILY = "1,2";
				TEST_HOST = "$(BUILT_PRODUCTS_DIR)/RACSlider&Textfile.app/RACSlider&Textfile";
			};
			name = Release;
		};
		F57F84E62078A26E00DAFDA5 /* Debug */ = {
			isa = XCBuildConfiguration;
			buildSettings = {
				CODE_SIGN_STYLE = Automatic;
				INFOPLIST_FILE = "RACSlider&TextfileUITests/Info.plist";
				LD_RUNPATH_SEARCH_PATHS = "$(inherited) @executable_path/Frameworks @loader_path/Frameworks";
				PRODUCT_BUNDLE_IDENTIFIER = "com.syp.RACSlider-TextfileUITests";
				PRODUCT_NAME = "$(TARGET_NAME)";
				TARGETED_DEVICE_FAMILY = "1,2";
				TEST_TARGET_NAME = "RACSlider&Textfile";
			};
			name = Debug;
		};
		F57F84E72078A26E00DAFDA5 /* Release */ = {
			isa = XCBuildConfiguration;
			buildSettings = {
				CODE_SIGN_STYLE = Automatic;
				INFOPLIST_FILE = "RACSlider&TextfileUITests/Info.plist";
				LD_RUNPATH_SEARCH_PATHS = "$(inherited) @executable_path/Frameworks @loader_path/Frameworks";
				PRODUCT_BUNDLE_IDENTIFIER = "com.syp.RACSlider-TextfileUITests";
				PRODUCT_NAME = "$(TARGET_NAME)";
				TARGETED_DEVICE_FAMILY = "1,2";
				TEST_TARGET_NAME = "RACSlider&Textfile";
			};
			name = Release;
		};
/* End XCBuildConfiguration section */

/* Begin XCConfigurationList section */
		F57F84AE2078A26E00DAFDA5 /* Build configuration list for PBXProject "RACSlider&Textfile" */ = {
			isa = XCConfigurationList;
			buildConfigurations = (
				F57F84DD2078A26E00DAFDA5 /* Debug */,
				F57F84DE2078A26E00DAFDA5 /* Release */,
			);
			defaultConfigurationIsVisible = 0;
			defaultConfigurationName = Release;
		};
		F57F84DF2078A26E00DAFDA5 /* Build configuration list for PBXNativeTarget "RACSlider&Textfile" */ = {
			isa = XCConfigurationList;
			buildConfigurations = (
				F57F84E02078A26E00DAFDA5 /* Debug */,
				F57F84E12078A26E00DAFDA5 /* Release */,
			);
			defaultConfigurationIsVisible = 0;
			defaultConfigurationName = Release;
		};
		F57F84E22078A26E00DAFDA5 /* Build configuration list for PBXNativeTarget "RACSlider&TextfileTests" */ = {
			isa = XCConfigurationList;
			buildConfigurations = (
				F57F84E32078A26E00DAFDA5 /* Debug */,
				F57F84E42078A26E00DAFDA5 /* Release */,
			);
			defaultConfigurationIsVisible = 0;
			defaultConfigurationName = Release;
		};
		F57F84E52078A26E00DAFDA5 /* Build configuration list for PBXNativeTarget "RACSlider&TextfileUITests" */ = {
			isa = XCConfigurationList;
			buildConfigurations = (
				F57F84E62078A26E00DAFDA5 /* Debug */,
				F57F84E72078A26E00DAFDA5 /* Release */,
			);
			defaultConfigurationIsVisible = 0;
			defaultConfigurationName = Release;
		};
/* End XCConfigurationList section */
	};
	rootObject = F57F84AB2078A26E00DAFDA5 /* Project object */;
}
